
Microsoft Visual Studio Solution File, Format Version 12.00
# Visual Studio Version 17
VisualStudioVersion = 17.1.32414.318
MinimumVisualStudioVersion = 10.0.40219.1
Project("{FAE04EC0-301F-11D3-BF4B-00C04F79EFBC}") = "FSDSchoolApp", "FSDSchoolApp.csproj", "{04EADE5E-C2C2-4A68-BCCE-9C3BC3B426E6}"
EndProject
Global
	GlobalSection(SolutionConfigurationPlatforms) = preSolution
		Debug|Any CPU = Debug|Any CPU
		Release|Any CPU = Release|Any CPU
	EndGlobalSection
	GlobalSection(ProjectConfigurationPlatforms) = postSolution
		{04EADE5E-C2C2-4A68-BCCE-9C3BC3B426E6}.Debug|Any CPU.ActiveCfg = Debug|Any CPU
		{04EADE5E-C2C2-4A68-BCCE-9C3BC3B426E6}.Debug|Any CPU.Build.0 = Debug|Any CPU
		{04EADE5E-C2C2-4A68-BCCE-9C3BC3B426E6}.Release|Any CPU.ActiveCfg = Release|Any CPU
		{04EADE5E-C2C2-4A68-BCCE-9C3BC3B426E6}.Release|Any CPU.Build.0 = Release|Any CPU
	EndGlobalSection
	GlobalSection(SolutionProperties) = preSolution
		HideSolutionNode = FALSE
	EndGlobalSection
	GlobalSection(ExtensibilityGlobals) = postSolution
		SolutionGuid = {56FA3C5C-27DB-47BF-B47E-76DAA968E43E}
	EndGlobalSection
EndGlobal
